
Microsoft Visual Studio Solution File, Format Version 12.00
# Visual Studio Version 16
VisualStudioVersion = 16.0.810.6
MinimumVisualStudioVersion = 10.0.40219.1
Project("{FAE04EC0-301F-11D3-BF4B-00C04F79EFBC}") = "Practica2_Nomina", "Practica2_Nomina\Practica2_Nomina.csproj", "{876C3F11-E731-489D-9997-BB550DC253D4}"
EndProject
Global
	GlobalSection(SolutionConfigurationPlatforms) = preSolution
		Debug|Any CPU = Debug|Any CPU
		Release|Any CPU = Release|Any CPU
	EndGlobalSection
	GlobalSection(ProjectConfigurationPlatforms) = postSolution
		{876C3F11-E731-489D-9997-BB550DC253D4}.Debug|Any CPU.ActiveCfg = Debug|Any CPU
		{876C3F11-E731-489D-9997-BB550DC253D4}.Debug|Any CPU.Build.0 = Debug|Any CPU
		{876C3F11-E731-489D-9997-BB550DC253D4}.Release|Any CPU.ActiveCfg = Release|Any CPU
		{876C3F11-E731-489D-9997-BB550DC253D4}.Release|Any CPU.Build.0 = Release|Any CPU
	EndGlobalSection
	GlobalSection(SolutionProperties) = preSolution
		HideSolutionNode = FALSE
	EndGlobalSection
	GlobalSection(ExtensibilityGlobals) = postSolution
		SolutionGuid = {11CA5357-0036-4CB8-8094-2CC2B1ECFD18}
	EndGlobalSection
EndGlobal
